
Microsoft Visual Studio Solution File, Format Version 12.00
# Visual Studio 14
VisualStudioVersion = 14.0.25420.1
MinimumVisualStudioVersion = 10.0.40219.1
Project("{FAE04EC0-301F-11D3-BF4B-00C04F79EFBC}") = "singnalrTest", "singnalrTest\singnalrTest.csproj", "{89325D6E-667A-4A28-A64B-C0CF3F95F44B}"
EndProject
Project("{FAE04EC0-301F-11D3-BF4B-00C04F79EFBC}") = "signalrMVC", "signalrMVC\signalrMVC.csproj", "{CF639FAE-4623-4441-94D5-7708DAC6F66D}"
EndProject
Global
	GlobalSection(SolutionConfigurationPlatforms) = preSolution
		Debug|Any CPU = Debug|Any CPU
		Release|Any CPU = Release|Any CPU
	EndGlobalSection
	GlobalSection(ProjectConfigurationPlatforms) = postSolution
		{89325D6E-667A-4A28-A64B-C0CF3F95F44B}.Debug|Any CPU.ActiveCfg = Debug|Any CPU
		{89325D6E-667A-4A28-A64B-C0CF3F95F44B}.Debug|Any CPU.Build.0 = Debug|Any CPU
		{89325D6E-667A-4A28-A64B-C0CF3F95F44B}.Release|Any CPU.ActiveCfg = Release|Any CPU
		{89325D6E-667A-4A28-A64B-C0CF3F95F44B}.Release|Any CPU.Build.0 = Release|Any CPU
		{CF639FAE-4623-4441-94D5-7708DAC6F66D}.Debug|Any CPU.ActiveCfg = Debug|Any CPU
		{CF639FAE-4623-4441-94D5-7708DAC6F66D}.Debug|Any CPU.Build.0 = Debug|Any CPU
		{CF639FAE-4623-4441-94D5-7708DAC6F66D}.Release|Any CPU.ActiveCfg = Release|Any CPU
		{CF639FAE-4623-4441-94D5-7708DAC6F66D}.Release|Any CPU.Build.0 = Release|Any CPU
	EndGlobalSection
	GlobalSection(SolutionProperties) = preSolution
		HideSolutionNode = FALSE
	EndGlobalSection
EndGlobal
